DEPENDENCIES
  tl_base (= 0.3.13)
  tl_blacklight (= 0.2.0)

GRAPH
  apache2 (5.2.1)
  ark (4.0.0)
    build-essential (>= 0.0.0)
    seven_zip (>= 0.0.0)
  build-essential (8.2.1)
    mingw (>= 1.1)
    seven_zip (>= 0.0.0)
  chef-sugar (3.4.0)
  chef_handler (3.0.3)
  compat_resource (12.19.1)
  database (6.1.1)
    postgresql (>= 1.0.0)
  firewall (2.5.4)
    chef-sugar (>= 0.0.0)
  git (9.0.1)
    build-essential (>= 5.0.0)
  hipchat (0.4.0)
    chef_handler (>= 0.0.0)
  homebrew (5.0.8)
  iptables (4.4.1)
  java (3.1.0)
    homebrew (>= 0.0.0)
    windows (>= 0.0.0)
  mingw (2.1.0)
    seven_zip (2.0.2)
  nodejs (6.0.0)
    ark (>= 2.0.2)
    build-essential (>= 5.0)
  ntp (3.3.1)
  omnibus_updater (2.0.0)
  openssh (2.0.0)
    iptables (>= 1.0)
  openssl (8.5.5)
  postgresql (6.0.1)
    build-essential (>= 2.0.0)
    compat_resource (>= 12.16.3)
    openssl (>= 4.0)
  rsyslog (4.0.1)
    compat_resource (>= 0.0.0)
  seven_zip (3.0.0)
    windows (>= 0.0.0)
  snmp (4.0.0)
  sudo (2.11.0)
  tl_app (0.2.1)
    ark (>= 0.0.0)
    build-essential (>= 0.0.0)
    java (>= 0.0.0)
    tl_task (>= 0.0.0)
  tl_base (0.3.13)
    chef-sugar (~> 3.4.0)
    ntp (~> 3.3.1)
    omnibus_updater (~> 2.0.0)
    openssh (~> 2.0.0)
    rsyslog (~> 4.0.1)
    snmp (~> 4.0.0)
    sudo (~> 2.11.0)
    tl_firewall (~> 0.1.5)
    tl_spacewalk (~> 0.1.7)
    user_account (~> 1.1.1)
  tl_blacklight (0.2.0)
    apache2 (>= 0.0.0)
    git (>= 0.0.0)
    java (>= 0.0.0)
    nodejs (>= 0.0.0)
    tl_app (>= 0.0.0)
    tl_task (>= 0.0.0)
  tl_firewall (0.1.5)
    chef-sugar (~> 3.4.0)
    firewall (~> 2.5.2)
  tl_ldap (0.1.0)
  tl_spacewalk (0.1.8)
    chef-sugar (~> 3.4.0)
    database (~> 6.1.1)
    postgresql (~> 6.0.1)
    tl_ldap (= 0.1.0)
  tl_task (0.2.1)
    hipchat (>= 0.0.0)
  user_account (1.1.1)
  windows (5.1.3)
